
Microsoft Visual Studio Solution File, Format Version 10.00
# Visual C++ Express 2008
Project("{8BC9CEB8-8B4A-11D0-8D11-00A0C91BC942}") = "112simulator-server", "112simulator-client.vcproj", "{15EC4BD0-4012-4249-9601-4A9D97E51D08}"
EndProject
Global
	GlobalSection(SolutionConfigurationPlatforms) = preSolution
		Debug|Win32 = Debug|Win32
		Release|Win32 = Release|Win32
	EndGlobalSection
	GlobalSection(ProjectConfigurationPlatforms) = postSolution
		{15EC4BD0-4012-4249-9601-4A9D97E51D08}.Debug|Win32.ActiveCfg = Debug|Win32
		{15EC4BD0-4012-4249-9601-4A9D97E51D08}.Debug|Win32.Build.0 = Debug|Win32
		{15EC4BD0-4012-4249-9601-4A9D97E51D08}.Release|Win32.ActiveCfg = Release|Win32
		{15EC4BD0-4012-4249-9601-4A9D97E51D08}.Release|Win32.Build.0 = Release|Win32
	EndGlobalSection
	GlobalSection(SolutionProperties) = preSolution
		HideSolutionNode = FALSE
	EndGlobalSection
EndGlobal
